
Microsoft Visual Studio Solution File, Format Version 11.00
# Visual C# Express 2010
Project("{FAE04EC0-301F-11D3-BF4B-00C04F79EFBC}") = "ChrysopraseServer", "ChrysopraseServer\ChrysopraseServer.csproj", "{A790C775-4FDC-4CDA-A268-984AEF9D41FA}"
EndProject
Project("{FAE04EC0-301F-11D3-BF4B-00C04F79EFBC}") = "NetworkCommons", "NetworkCommons\NetworkCommons.csproj", "{58E6ED64-1002-4FDA-A2E8-E2120A2DC1C9}"
EndProject
Global
	GlobalSection(SolutionConfigurationPlatforms) = preSolution
		Debug|Any CPU = Debug|Any CPU
		Debug|Mixed Platforms = Debug|Mixed Platforms
		Debug|x86 = Debug|x86
		Release|Any CPU = Release|Any CPU
		Release|Mixed Platforms = Release|Mixed Platforms
		Release|x86 = Release|x86
	EndGlobalSection
	GlobalSection(ProjectConfigurationPlatforms) = postSolution
		{A790C775-4FDC-4CDA-A268-984AEF9D41FA}.Debug|Any CPU.ActiveCfg = Debug|x86
		{A790C775-4FDC-4CDA-A268-984AEF9D41FA}.Debug|Mixed Platforms.ActiveCfg = Debug|x86
		{A790C775-4FDC-4CDA-A268-984AEF9D41FA}.Debug|Mixed Platforms.Build.0 = Debug|x86
		{A790C775-4FDC-4CDA-A268-984AEF9D41FA}.Debug|x86.ActiveCfg = Debug|x86
		{A790C775-4FDC-4CDA-A268-984AEF9D41FA}.Debug|x86.Build.0 = Debug|x86
		{A790C775-4FDC-4CDA-A268-984AEF9D41FA}.Release|Any CPU.ActiveCfg = Release|x86
		{A790C775-4FDC-4CDA-A268-984AEF9D41FA}.Release|Mixed Platforms.ActiveCfg = Release|x86
		{A790C775-4FDC-4CDA-A268-984AEF9D41FA}.Release|Mixed Platforms.Build.0 = Release|x86
		{A790C775-4FDC-4CDA-A268-984AEF9D41FA}.Release|x86.ActiveCfg = Release|x86
		{A790C775-4FDC-4CDA-A268-984AEF9D41FA}.Release|x86.Build.0 = Release|x86
		{58E6ED64-1002-4FDA-A2E8-E2120A2DC1C9}.Debug|Any CPU.ActiveCfg = Debug|Any CPU
		{58E6ED64-1002-4FDA-A2E8-E2120A2DC1C9}.Debug|Any CPU.Build.0 = Debug|Any CPU
		{58E6ED64-1002-4FDA-A2E8-E2120A2DC1C9}.Debug|Mixed Platforms.ActiveCfg = Debug|Any CPU
		{58E6ED64-1002-4FDA-A2E8-E2120A2DC1C9}.Debug|Mixed Platforms.Build.0 = Debug|Any CPU
		{58E6ED64-1002-4FDA-A2E8-E2120A2DC1C9}.Debug|x86.ActiveCfg = Debug|Any CPU
		{58E6ED64-1002-4FDA-A2E8-E2120A2DC1C9}.Release|Any CPU.ActiveCfg = Release|Any CPU
		{58E6ED64-1002-4FDA-A2E8-E2120A2DC1C9}.Release|Any CPU.Build.0 = Release|Any CPU
		{58E6ED64-1002-4FDA-A2E8-E2120A2DC1C9}.Release|Mixed Platforms.ActiveCfg = Release|Any CPU
		{58E6ED64-1002-4FDA-A2E8-E2120A2DC1C9}.Release|Mixed Platforms.Build.0 = Release|Any CPU
		{58E6ED64-1002-4FDA-A2E8-E2120A2DC1C9}.Release|x86.ActiveCfg = Release|Any CPU
	EndGlobalSection
	GlobalSection(SolutionProperties) = preSolution
		HideSolutionNode = FALSE
	EndGlobalSection
EndGlobal
